
Microsoft Visual Studio Solution File, Format Version 12.00
# Visual Studio 14
VisualStudioVersion = 14.0.23107.0
MinimumVisualStudioVersion = 10.0.40219.1
Project("{FAE04EC0-301F-11D3-BF4B-00C04F79EFBC}") = "Raaj.Application", "Raaj.Application\Raaj.Application.csproj", "{5F151A1D-4C4E-43A9-A10F-FEA298B06822}"
EndProject
Global
	GlobalSection(SolutionConfigurationPlatforms) = preSolution
		Debug|Any CPU = Debug|Any CPU
		Release|Any CPU = Release|Any CPU
	EndGlobalSection
	GlobalSection(ProjectConfigurationPlatforms) = postSolution
		{5F151A1D-4C4E-43A9-A10F-FEA298B06822}.Debug|Any CPU.ActiveCfg = Debug|Any CPU
		{5F151A1D-4C4E-43A9-A10F-FEA298B06822}.Debug|Any CPU.Build.0 = Debug|Any CPU
		{5F151A1D-4C4E-43A9-A10F-FEA298B06822}.Release|Any CPU.ActiveCfg = Release|Any CPU
		{5F151A1D-4C4E-43A9-A10F-FEA298B06822}.Release|Any CPU.Build.0 = Release|Any CPU
	EndGlobalSection
	GlobalSection(SolutionProperties) = preSolution
		HideSolutionNode = FALSE
	EndGlobalSection
EndGlobal
